
Microsoft Visual Studio Solution File, Format Version 12.00
# Visual Studio 15
VisualStudioVersion = 15.0.27428.2027
MinimumVisualStudioVersion = 10.0.40219.1
Project("{FAE04EC0-301F-11D3-BF4B-00C04F79EFBC}") = "EnigmaSim", "EnigmaSim\EnigmaSim.csproj", "{19F24CBD-6F43-4EC3-8914-22AFF6170967}"
EndProject
Project("{FAE04EC0-301F-11D3-BF4B-00C04F79EFBC}") = "Tests", "Tests\Tests.csproj", "{ECA3C233-CB28-4EE6-8555-15AA7A0D566A}"
EndProject
Global
	GlobalSection(SolutionConfigurationPlatforms) = preSolution
		Debug|Any CPU = Debug|Any CPU
		Release|Any CPU = Release|Any CPU
	EndGlobalSection
	GlobalSection(ProjectConfigurationPlatforms) = postSolution
		{19F24CBD-6F43-4EC3-8914-22AFF6170967}.Debug|Any CPU.ActiveCfg = Debug|Any CPU
		{19F24CBD-6F43-4EC3-8914-22AFF6170967}.Debug|Any CPU.Build.0 = Debug|Any CPU
		{19F24CBD-6F43-4EC3-8914-22AFF6170967}.Release|Any CPU.ActiveCfg = Release|Any CPU
		{19F24CBD-6F43-4EC3-8914-22AFF6170967}.Release|Any CPU.Build.0 = Release|Any CPU
		{ECA3C233-CB28-4EE6-8555-15AA7A0D566A}.Debug|Any CPU.ActiveCfg = Debug|Any CPU
		{ECA3C233-CB28-4EE6-8555-15AA7A0D566A}.Debug|Any CPU.Build.0 = Debug|Any CPU
		{ECA3C233-CB28-4EE6-8555-15AA7A0D566A}.Release|Any CPU.ActiveCfg = Release|Any CPU
		{ECA3C233-CB28-4EE6-8555-15AA7A0D566A}.Release|Any CPU.Build.0 = Release|Any CPU
	EndGlobalSection
	GlobalSection(SolutionProperties) = preSolution
		HideSolutionNode = FALSE
	EndGlobalSection
	GlobalSection(ExtensibilityGlobals) = postSolution
		SolutionGuid = {91821A98-2A12-41A8-B821-2C43D1F99F31}
	EndGlobalSection
EndGlobal
